dependencies:
  espressif/esp_lvgl_port:
    component_hash: d4288a8a1b1db92b62cef9fe1375ea216e5470e48fc7d752816161442f181758
    source:
      service_url: https://api.components.espressif.com/
      type: service
    version: 2.0.0
  espressif/tinyusb:
    component_hash: 68e971ee08d20180b1a092e5ee727877a3b3d8c815fde0a91fc6fdff06d41ead
    source:
      service_url: https://api.components.espressif.com/
      type: service
    version: 0.14.3
  espressif__esp_tinyusb:
    component_hash: null
    source:
      path: E:\2.fixman\ESP32-DAPLink\components\espressif__esp_tinyusb
      type: local
    version: 1.4.0
  idf:
    component_hash: null
    source:
      type: idf
    version: 5.1.2
  lvgl/lvgl:
    component_hash: d7c1ac037ae6e85d94897f807d6e7ba0946a83e720074fc95a4f6241da9f9f53
    source:
      service_url: https://api.components.espressif.com/
      type: service
    version: 8.4.0
manifest_hash: 2b4baa7545970f98110c7d0949fdf5b454164fd6c08788dc7f361e2481b5860e
target: esp32s3
version: 1.0.0
